// !$*UTF8*$!
{
	archiveVersion = 1;
	classes = {
	};
	objectVersion = 46;
	objects = {

/* Begin PBXBuildFile section */
		062F70BF175197CC00EE9F53 /* SSGentleAlertButtonDefault.xib in Resources */ = {isa = PBXBuildFile; fileRef = 062F70B6175197CC00EE9F53 /* SSGentleAlertButtonDefault.xib */; };
		062F70C0175197CC00EE9F53 /* SSGentleAlertViewDefault.bundle in Resources */ = {isa = PBXBuildFile; fileRef = 062F70B7175197CC00EE9F53 /* SSGentleAlertViewDefault.bundle */; };
		062F70C1175197CC00EE9F53 /* SSGentleAlertViewDefault.xib in Resources */ = {isa = PBXBuildFile; fileRef = 062F70B8175197CC00EE9F53 /* SSGentleAlertViewDefault.xib */; };
		062F70C2175197CC00EE9F53 /* SSGentleAlertButtonNative.xib in Resources */ = {isa = PBXBuildFile; fileRef = 062F70BB175197CC00EE9F53 /* SSGentleAlertButtonNative.xib */; };
		062F70C3175197CC00EE9F53 /* SSGentleAlertViewNative.bundle in Resources */ = {isa = PBXBuildFile; fileRef = 062F70BC175197CC00EE9F53 /* SSGentleAlertViewNative.bundle */; };
		062F70C4175197CC00EE9F53 /* SSGentleAlertViewNative.xib in Resources */ = {isa = PBXBuildFile; fileRef = 062F70BD175197CC00EE9F53 /* SSGentleAlertViewNative.xib */; };
		062F70CD1751B5C700EE9F53 /* SSGentleAlertButtonBlack.xib in Resources */ = {isa = PBXBuildFile; fileRef = 062F70CA1751B5C700EE9F53 /* SSGentleAlertButtonBlack.xib */; };
		062F70CE1751B5C700EE9F53 /* SSGentleAlertViewBlack.bundle in Resources */ = {isa = PBXBuildFile; fileRef = 062F70CB1751B5C700EE9F53 /* SSGentleAlertViewBlack.bundle */; };
		062F70CF1751B5C700EE9F53 /* SSGentleAlertViewBlack.xib in Resources */ = {isa = PBXBuildFile; fileRef = 062F70CC1751B5C700EE9F53 /* SSGentleAlertViewBlack.xib */; };
		062F70D61751FA7D00EE9F53 /* dialog_bg.png in Resources */ = {isa = PBXBuildFile; fileRef = 062F70D11751FA7D00EE9F53 /* dialog_bg.png */; };
		062F70D71751FA7D00EE9F53 /* dialog_bg@2x.png in Resources */ = {isa = PBXBuildFile; fileRef = 062F70D21751FA7D00EE9F53 /* dialog_bg@2x.png */; };
		062F70D81751FA7D00EE9F53 /* dialog_btn_normal.png in Resources */ = {isa = PBXBuildFile; fileRef = 062F70D31751FA7D00EE9F53 /* dialog_btn_normal.png */; };
		062F70D91751FA7D00EE9F53 /* dialog_btn_normal@2x.png in Resources */ = {isa = PBXBuildFile; fileRef = 062F70D41751FA7D00EE9F53 /* dialog_btn_normal@2x.png */; };
		062F70DA1751FA7D00EE9F53 /* dialog_btn_pressed.png in Resources */ = {isa = PBXBuildFile; fileRef = 062F70D51751FA7D00EE9F53 /* dialog_btn_pressed.png */; };
		062F70DC1752022C00EE9F53 /* dialog_btn_pressed@2x.png in Resources */ = {isa = PBXBuildFile; fileRef = 062F70DB1752022B00EE9F53 /* dialog_btn_pressed@2x.png */; };
		0632F0BE175082DD00CE8A0F /* UIKit.framework in Frameworks */ = {isa = PBXBuildFile; fileRef = 0632F0BD175082DD00CE8A0F /* UIKit.framework */; };
		0632F0C0175082DD00CE8A0F /* Foundation.framework in Frameworks */ = {isa = PBXBuildFile; fileRef = 0632F0BF175082DD00CE8A0F /* Foundation.framework */; };
		0632F0C2175082DD00CE8A0F /* CoreGraphics.framework in Frameworks */ = {isa = PBXBuildFile; fileRef = 0632F0C1175082DD00CE8A0F /* CoreGraphics.framework */; };
		0632F107175083FD00CE8A0F /* AppDelegate.m in Sources */ = {isa = PBXBuildFile; fileRef = 0632F0FA175083FD00CE8A0F /* AppDelegate.m */; };
		0632F108175083FD00CE8A0F /* Default-568h@2x.png in Resources */ = {isa = PBXBuildFile; fileRef = 0632F0FB175083FD00CE8A0F /* Default-568h@2x.png */; };
		0632F109175083FD00CE8A0F /* Default.png in Resources */ = {isa = PBXBuildFile; fileRef = 0632F0FC175083FD00CE8A0F /* Default.png */; };
		0632F10A175083FD00CE8A0F /* Default@2x.png in Resources */ = {isa = PBXBuildFile; fileRef = 0632F0FD175083FD00CE8A0F /* Default@2x.png */; };
		0632F10B175083FD00CE8A0F /* InfoPlist.strings in Resources */ = {isa = PBXBuildFile; fileRef = 0632F0FE175083FD00CE8A0F /* InfoPlist.strings */; };
		0632F10C175083FD00CE8A0F /* MainStoryboard.storyboard in Resources */ = {isa = PBXBuildFile; fileRef = 0632F100175083FD00CE8A0F /* MainStoryboard.storyboard */; };
		0632F10D175083FD00CE8A0F /* main.m in Sources */ = {isa = PBXBuildFile; fileRef = 0632F102175083FD00CE8A0F /* main.m */; };
		0632F10F175083FD00CE8A0F /* ViewController.m in Sources */ = {isa = PBXBuildFile; fileRef = 0632F106175083FD00CE8A0F /* ViewController.m */; };
		0632F1181750952200CE8A0F /* SSDialogView.m in Sources */ = {isa = PBXBuildFile; fileRef = 0632F1121750952200CE8A0F /* SSDialogView.m */; };
		0632F11E1750952200CE8A0F /* SSGentleAlertView.m in Sources */ = {isa = PBXBuildFile; fileRef = 0632F1161750952200CE8A0F /* SSGentleAlertView.m */; };
		C6B9B9D617543D69007F8C5E /* SSOverlayWindow.m in Sources */ = {isa = PBXBuildFile; fileRef = C6B9B9D517543D69007F8C5E /* SSOverlayWindow.m */; };
/* End PBXBuildFile section */

/* Begin PBXFileReference section */
		062F70B6175197CC00EE9F53 /* SSGentleAlertButtonDefault.xib */ = {isa = PBXFileReference; fileEncoding = 4; lastKnownFileType = file.xib; path = SSGentleAlertButtonDefault.xib; sourceTree = "<group>"; };
		062F70B7175197CC00EE9F53 /* SSGentleAlertViewDefault.bundle */ = {isa = PBXFileReference; lastKnownFileType = "wrapper.plug-in"; path = SSGentleAlertViewDefault.bundle; sourceTree = "<group>"; };
		062F70B8175197CC00EE9F53 /* SSGentleAlertViewDefault.xib */ = {isa = PBXFileReference; fileEncoding = 4; lastKnownFileType = file.xib; path = SSGentleAlertViewDefault.xib; sourceTree = "<group>"; };
		062F70BB175197CC00EE9F53 /* SSGentleAlertButtonNative.xib */ = {isa = PBXFileReference; fileEncoding = 4; lastKnownFileType = file.xib; path = SSGentleAlertButtonNative.xib; sourceTree = "<group>"; };
		062F70BC175197CC00EE9F53 /* SSGentleAlertViewNative.bundle */ = {isa = PBXFileReference; lastKnownFileType = "wrapper.plug-in"; path = SSGentleAlertViewNative.bundle; sourceTree = "<group>"; };
		062F70BD175197CC00EE9F53 /* SSGentleAlertViewNative.xib */ = {isa = PBXFileReference; fileEncoding = 4; lastKnownFileType = file.xib; path = SSGentleAlertViewNative.xib; sourceTree = "<group>"; };
		062F70BE175197CC00EE9F53 /* SSGentleAlertViewStyle.h */ = {isa = PBXFileReference; fileEncoding = 4; lastKnownFileType = sourcecode.c.h; path = SSGentleAlertViewStyle.h; sourceTree = "<group>"; };
		062F70CA1751B5C700EE9F53 /* SSGentleAlertButtonBlack.xib */ = {isa = PBXFileReference; fileEncoding = 4; lastKnownFileType = file.xib; path = SSGentleAlertButtonBlack.xib; sourceTree = "<group>"; };
		062F70CB1751B5C700EE9F53 /* SSGentleAlertViewBlack.bundle */ = {isa = PBXFileReference; lastKnownFileType = "wrapper.plug-in"; path = SSGentleAlertViewBlack.bundle; sourceTree = "<group>"; };
		062F70CC1751B5C700EE9F53 /* SSGentleAlertViewBlack.xib */ = {isa = PBXFileReference; fileEncoding = 4; lastKnownFileType = file.xib; path = SSGentleAlertViewBlack.xib; sourceTree = "<group>"; };
		062F70D11751FA7D00EE9F53 /* dialog_bg.png */ = {isa = PBXFileReference; lastKnownFileType = image.png; path = dialog_bg.png; sourceTree = "<group>"; };
		062F70D21751FA7D00EE9F53 /* dialog_bg@2x.png */ = {isa = PBXFileReference; lastKnownFileType = image.png; path = "dialog_bg@2x.png"; sourceTree = "<group>"; };
		062F70D31751FA7D00EE9F53 /* dialog_btn_normal.png */ = {isa = PBXFileReference; lastKnownFileType = image.png; path = dialog_btn_normal.png; sourceTree = "<group>"; };
		062F70D41751FA7D00EE9F53 /* dialog_btn_normal@2x.png */ = {isa = PBXFileReference; lastKnownFileType = image.png; path = "dialog_btn_normal@2x.png"; sourceTree = "<group>"; };
		062F70D51751FA7D00EE9F53 /* dialog_btn_pressed.png */ = {isa = PBXFileReference; lastKnownFileType = image.png; path = dialog_btn_pressed.png; sourceTree = "<group>"; };
		062F70DB1752022B00EE9F53 /* dialog_btn_pressed@2x.png */ = {isa = PBXFileReference; lastKnownFileType = image.png; path = "dialog_btn_pressed@2x.png"; sourceTree = "<group>"; };
		0632F0BA175082DD00CE8A0F /* SSGentleAlertViewSample.app */ = {isa = PBXFileReference; explicitFileType = wrapper.application; includeInIndex = 0; path = SSGentleAlertViewSample.app; sourceTree = BUILT_PRODUCTS_DIR; };
		0632F0BD175082DD00CE8A0F /* UIKit.framework */ = {isa = PBXFileReference; lastKnownFileType = wrapper.framework; name = UIKit.framework; path = System/Library/Frameworks/UIKit.framework; sourceTree = SDKROOT; };
		0632F0BF175082DD00CE8A0F /* Foundation.framework */ = {isa = PBXFileReference; lastKnownFileType = wrapper.framework; name = Foundation.framework; path = System/Library/Frameworks/Foundation.framework; sourceTree = SDKROOT; };
		0632F0C1175082DD00CE8A0F /* CoreGraphics.framework */ = {isa = PBXFileReference; lastKnownFileType = wrapper.framework; name = CoreGraphics.framework; path = System/Library/Frameworks/CoreGraphics.framework; sourceTree = SDKROOT; };
		0632F0E1175082DE00CE8A0F /* SenTestingKit.framework */ = {isa = PBXFileReference; lastKnownFileType = wrapper.framework; name = SenTestingKit.framework; path = Library/Frameworks/SenTestingKit.framework; sourceTree = DEVELOPER_DIR; };
		0632F0F9175083FD00CE8A0F /* AppDelegate.h */ = {isa = PBXFileReference; fileEncoding = 4; lastKnownFileType = sourcecode.c.h; path = AppDelegate.h; sourceTree = "<group>"; };
		0632F0FA175083FD00CE8A0F /* AppDelegate.m */ = {isa = PBXFileReference; fileEncoding = 4; lastKnownFileType = sourcecode.c.objc; path = AppDelegate.m; sourceTree = "<group>"; };
		0632F0FB175083FD00CE8A0F /* Default-568h@2x.png */ = {isa = PBXFileReference; lastKnownFileType = image.png; path = "Default-568h@2x.png"; sourceTree = "<group>"; };
		0632F0FC175083FD00CE8A0F /* Default.png */ = {isa = PBXFileReference; lastKnownFileType = image.png; path = Default.png; sourceTree = "<group>"; };
		0632F0FD175083FD00CE8A0F /* Default@2x.png */ = {isa = PBXFileReference; lastKnownFileType = image.png; path = "Default@2x.png"; sourceTree = "<group>"; };
		0632F0FF175083FD00CE8A0F /* en */ = {isa = PBXFileReference; lastKnownFileType = text.plist.strings; name = en; path = en.lproj/InfoPlist.strings; sourceTree = "<group>"; };
		0632F101175083FD00CE8A0F /* en */ = {isa = PBXFileReference; lastKnownFileType = file.storyboard; name = en; path = en.lproj/MainStoryboard.storyboard; sourceTree = "<group>"; };
		0632F102175083FD00CE8A0F /* main.m */ = {isa = PBXFileReference; fileEncoding = 4; lastKnownFileType = sourcecode.c.objc; path = main.m; sourceTree = "<group>"; };
		0632F103175083FD00CE8A0F /* SSGentleAlertView-Info.plist */ = {isa = PBXFileReference; fileEncoding = 4; lastKnownFileType = text.plist.xml; path = "SSGentleAlertView-Info.plist"; sourceTree = "<group>"; };
		0632F104175083FD00CE8A0F /* SSGentleAlertView-Prefix.pch */ = {isa = PBXFileReference; fileEncoding = 4; lastKnownFileType = sourcecode.c.h; path = "SSGentleAlertView-Prefix.pch"; sourceTree = "<group>"; };
		0632F105175083FD00CE8A0F /* ViewController.h */ = {isa = PBXFileReference; fileEncoding = 4; lastKnownFileType = sourcecode.c.h; path = ViewController.h; sourceTree = "<group>"; };
		0632F106175083FD00CE8A0F /* ViewController.m */ = {isa = PBXFileReference; fileEncoding = 4; lastKnownFileType = sourcecode.c.objc; path = ViewController.m; sourceTree = "<group>"; };
		0632F1111750952200CE8A0F /* SSDialogView.h */ = {isa = PBXFileReference; fileEncoding = 4; lastKnownFileType = sourcecode.c.h; path = SSDialogView.h; sourceTree = "<group>"; };
		0632F1121750952200CE8A0F /* SSDialogView.m */ = {isa = PBXFileReference; fileEncoding = 4; lastKnownFileType = sourcecode.c.objc; path = SSDialogView.m; sourceTree = "<group>"; };
		0632F1151750952200CE8A0F /* SSGentleAlertView.h */ = {isa = PBXFileReference; fileEncoding = 4; lastKnownFileType = sourcecode.c.h; path = SSGentleAlertView.h; sourceTree = "<group>"; };
		0632F1161750952200CE8A0F /* SSGentleAlertView.m */ = {isa = PBXFileReference; fileEncoding = 4; lastKnownFileType = sourcecode.c.objc; path = SSGentleAlertView.m; sourceTree = "<group>"; };
		C6B9B9D417543D69007F8C5E /* SSOverlayWindow.h */ = {isa = PBXFileReference; fileEncoding = 4; lastKnownFileType = sourcecode.c.h; path = SSOverlayWindow.h; sourceTree = "<group>"; };
		C6B9B9D517543D69007F8C5E /* SSOverlayWindow.m */ = {isa = PBXFileReference; fileEncoding = 4; lastKnownFileType = sourcecode.c.objc; path = SSOverlayWindow.m; sourceTree = "<group>"; };
/* End PBXFileReference section */

/* Begin PBXFrameworksBuildPhase section */
		0632F0B7175082DD00CE8A0F /* Frameworks */ = {
			isa = PBXFrameworksBuildPhase;
			buildActionMask = 2147483647;
			files = (
				0632F0BE175082DD00CE8A0F /* UIKit.framework in Frameworks */,
				0632F0C0175082DD00CE8A0F /* Foundation.framework in Frameworks */,
				0632F0C2175082DD00CE8A0F /* CoreGraphics.framework in Frameworks */,
			);
			runOnlyForDeploymentPostprocessing = 0;
		};
/* End PBXFrameworksBuildPhase section */

/* Begin PBXGroup section */
		062F70B5175197CC00EE9F53 /* SSGentleAlertViewDefault */ = {
			isa = PBXGroup;
			children = (
				062F70B6175197CC00EE9F53 /* SSGentleAlertButtonDefault.xib */,
				062F70B7175197CC00EE9F53 /* SSGentleAlertViewDefault.bundle */,
				062F70B8175197CC00EE9F53 /* SSGentleAlertViewDefault.xib */,
			);
			path = SSGentleAlertViewDefault;
			sourceTree = "<group>";
		};
		062F70BA175197CC00EE9F53 /* SSGentleAlertViewNative */ = {
			isa = PBXGroup;
			children = (
				062F70BB175197CC00EE9F53 /* SSGentleAlertButtonNative.xib */,
				062F70BC175197CC00EE9F53 /* SSGentleAlertViewNative.bundle */,
				062F70BD175197CC00EE9F53 /* SSGentleAlertViewNative.xib */,
			);
			path = SSGentleAlertViewNative;
			sourceTree = "<group>";
		};
		062F70C91751B5C700EE9F53 /* SSGentleAlertViewBlack */ = {
			isa = PBXGroup;
			children = (
				062F70CA1751B5C700EE9F53 /* SSGentleAlertButtonBlack.xib */,
				062F70CB1751B5C700EE9F53 /* SSGentleAlertViewBlack.bundle */,
				062F70CC1751B5C700EE9F53 /* SSGentleAlertViewBlack.xib */,
			);
			path = SSGentleAlertViewBlack;
			sourceTree = "<group>";
		};
		062F70D01751FA7D00EE9F53 /* Resources */ = {
			isa = PBXGroup;
			children = (
				062F70D11751FA7D00EE9F53 /* dialog_bg.png */,
				062F70D21751FA7D00EE9F53 /* dialog_bg@2x.png */,
				062F70D31751FA7D00EE9F53 /* dialog_btn_normal.png */,
				062F70D41751FA7D00EE9F53 /* dialog_btn_normal@2x.png */,
				062F70D51751FA7D00EE9F53 /* dialog_btn_pressed.png */,
				062F70DB1752022B00EE9F53 /* dialog_btn_pressed@2x.png */,
			);
			path = Resources;
			sourceTree = "<group>";
		};
		0632F0B1175082DD00CE8A0F = {
			isa = PBXGroup;
			children = (
				0632F1101750952200CE8A0F /* SSGentleAlertView */,
				0632F0F8175083FD00CE8A0F /* SSGentleAlertViewSample */,
				0632F0BC175082DD00CE8A0F /* Frameworks */,
				0632F0BB175082DD00CE8A0F /* Products */,
			);
			sourceTree = "<group>";
		};
		0632F0BB175082DD00CE8A0F /* Products */ = {
			isa = PBXGroup;
			children = (
				0632F0BA175082DD00CE8A0F /* SSGentleAlertViewSample.app */,
			);
			name = Products;
			sourceTree = "<group>";
		};
		0632F0BC175082DD00CE8A0F /* Frameworks */ = {
			isa = PBXGroup;
			children = (
				0632F0BD175082DD00CE8A0F /* UIKit.framework */,
				0632F0BF175082DD00CE8A0F /* Foundation.framework */,
				0632F0C1175082DD00CE8A0F /* CoreGraphics.framework */,
				0632F0E1175082DE00CE8A0F /* SenTestingKit.framework */,
			);
			name = Frameworks;
			sourceTree = "<group>";
		};
		0632F0F8175083FD00CE8A0F /* SSGentleAlertViewSample */ = {
			isa = PBXGroup;
			children = (
				0632F0F9175083FD00CE8A0F /* AppDelegate.h */,
				0632F0FA175083FD00CE8A0F /* AppDelegate.m */,
				0632F0FB175083FD00CE8A0F /* Default-568h@2x.png */,
				0632F0FC175083FD00CE8A0F /* Default.png */,
				0632F0FD175083FD00CE8A0F /* Default@2x.png */,
				0632F0FE175083FD00CE8A0F /* InfoPlist.strings */,
				0632F100175083FD00CE8A0F /* MainStoryboard.storyboard */,
				0632F102175083FD00CE8A0F /* main.m */,
				0632F103175083FD00CE8A0F /* SSGentleAlertView-Info.plist */,
				0632F104175083FD00CE8A0F /* SSGentleAlertView-Prefix.pch */,
				0632F105175083FD00CE8A0F /* ViewController.h */,
				0632F106175083FD00CE8A0F /* ViewController.m */,
				062F70D01751FA7D00EE9F53 /* Resources */,
			);
			path = SSGentleAlertViewSample;
			sourceTree = "<group>";
		};
		0632F1101750952200CE8A0F /* SSGentleAlertView */ = {
			isa = PBXGroup;
			children = (
				062F70BE175197CC00EE9F53 /* SSGentleAlertViewStyle.h */,
				0632F1111750952200CE8A0F /* SSDialogView.h */,
				0632F1121750952200CE8A0F /* SSDialogView.m */,
				0632F1151750952200CE8A0F /* SSGentleAlertView.h */,
				0632F1161750952200CE8A0F /* SSGentleAlertView.m */,
				C6B9B9D417543D69007F8C5E /* SSOverlayWindow.h */,
				C6B9B9D517543D69007F8C5E /* SSOverlayWindow.m */,
				062F70B5175197CC00EE9F53 /* SSGentleAlertViewDefault */,
				062F70C91751B5C700EE9F53 /* SSGentleAlertViewBlack */,
				062F70BA175197CC00EE9F53 /* SSGentleAlertViewNative */,
			);
			path = SSGentleAlertView;
			sourceTree = "<group>";
		};
/* End PBXGroup section */

/* Begin PBXNativeTarget section */
		0632F0B9175082DD00CE8A0F /* SSGentleAlertViewSample */ = {
			isa = PBXNativeTarget;
			buildConfigurationList = 0632F0F2175082DE00CE8A0F /* Build configuration list for PBXNativeTarget "SSGentleAlertViewSample" */;
			buildPhases = (
				0632F0B6175082DD00CE8A0F /* Sources */,
				0632F0B7175082DD00CE8A0F /* Frameworks */,
				0632F0B8175082DD00CE8A0F /* Resources */,
			);
			buildRules = (
			);
			dependencies = (
			);
			name = SSGentleAlertViewSample;
			productName = SSGentleAlertView;
			productReference = 0632F0BA175082DD00CE8A0F /* SSGentleAlertViewSample.app */;
			productType = "com.apple.product-type.application";
		};
/* End PBXNativeTarget section */

/* Begin PBXProject section */
		0632F0B2175082DD00CE8A0F /* Project object */ = {
			isa = PBXProject;
			attributes = {
				LastUpgradeCheck = 0460;
				ORGANIZATIONNAME = SOIL;
			};
			buildConfigurationList = 0632F0B5175082DD00CE8A0F /* Build configuration list for PBXProject "SSGentleAlertView" */;
			compatibilityVersion = "Xcode 3.2";
			developmentRegion = English;
			hasScannedForEncodings = 0;
			knownRegions = (
				en,
			);
			mainGroup = 0632F0B1175082DD00CE8A0F;
			productRefGroup = 0632F0BB175082DD00CE8A0F /* Products */;
			projectDirPath = "";
			projectRoot = "";
			targets = (
				0632F0B9175082DD00CE8A0F /* SSGentleAlertViewSample */,
			);
		};
/* End PBXProject section */

/* Begin PBXResourcesBuildPhase section */
		0632F0B8175082DD00CE8A0F /* Resources */ = {
			isa = PBXResourcesBuildPhase;
			buildActionMask = 2147483647;
			files = (
				0632F108175083FD00CE8A0F /* Default-568h@2x.png in Resources */,
				0632F109175083FD00CE8A0F /* Default.png in Resources */,
				0632F10A175083FD00CE8A0F /* Default@2x.png in Resources */,
				0632F10B175083FD00CE8A0F /* InfoPlist.strings in Resources */,
				0632F10C175083FD00CE8A0F /* MainStoryboard.storyboard in Resources */,
				062F70BF175197CC00EE9F53 /* SSGentleAlertButtonDefault.xib in Resources */,
				062F70C0175197CC00EE9F53 /* SSGentleAlertViewDefault.bundle in Resources */,
				062F70C1175197CC00EE9F53 /* SSGentleAlertViewDefault.xib in Resources */,
				062F70C2175197CC00EE9F53 /* SSGentleAlertButtonNative.xib in Resources */,
				062F70C3175197CC00EE9F53 /* SSGentleAlertViewNative.bundle in Resources */,
				062F70C4175197CC00EE9F53 /* SSGentleAlertViewNative.xib in Resources */,
				062F70CD1751B5C700EE9F53 /* SSGentleAlertButtonBlack.xib in Resources */,
				062F70CE1751B5C700EE9F53 /* SSGentleAlertViewBlack.bundle in Resources */,
				062F70CF1751B5C700EE9F53 /* SSGentleAlertViewBlack.xib in Resources */,
				062F70D61751FA7D00EE9F53 /* dialog_bg.png in Resources */,
				062F70D71751FA7D00EE9F53 /* dialog_bg@2x.png in Resources */,
				062F70D81751FA7D00EE9F53 /* dialog_btn_normal.png in Resources */,
				062F70D91751FA7D00EE9F53 /* dialog_btn_normal@2x.png in Resources */,
				062F70DA1751FA7D00EE9F53 /* dialog_btn_pressed.png in Resources */,
				062F70DC1752022C00EE9F53 /* dialog_btn_pressed@2x.png in Resources */,
			);
			runOnlyForDeploymentPostprocessing = 0;
		};
/* End PBXResourcesBuildPhase section */

/* Begin PBXSourcesBuildPhase section */
		0632F0B6175082DD00CE8A0F /* Sources */ = {
			isa = PBXSourcesBuildPhase;
			buildActionMask = 2147483647;
			files = (
				0632F107175083FD00CE8A0F /* AppDelegate.m in Sources */,
				0632F10D175083FD00CE8A0F /* main.m in Sources */,
				0632F10F175083FD00CE8A0F /* ViewController.m in Sources */,
				0632F1181750952200CE8A0F /* SSDialogView.m in Sources */,
				0632F11E1750952200CE8A0F /* SSGentleAlertView.m in Sources */,
				C6B9B9D617543D69007F8C5E /* SSOverlayWindow.m in Sources */,
			);
			runOnlyForDeploymentPostprocessing = 0;
		};
/* End PBXSourcesBuildPhase section */

/* Begin PBXVariantGroup section */
		0632F0FE175083FD00CE8A0F /* InfoPlist.strings */ = {
			isa = PBXVariantGroup;
			children = (
				0632F0FF175083FD00CE8A0F /* en */,
			);
			name = InfoPlist.strings;
			sourceTree = "<group>";
		};
		0632F100175083FD00CE8A0F /* MainStoryboard.storyboard */ = {
			isa = PBXVariantGroup;
			children = (
				0632F101175083FD00CE8A0F /* en */,
			);
			name = MainStoryboard.storyboard;
			sourceTree = "<group>";
		};
/* End PBXVariantGroup section */

/* Begin XCBuildConfiguration section */
		0632F0F0175082DE00CE8A0F /* Debug */ = {
			isa = XCBuildConfiguration;
			buildSettings = {
				ALWAYS_SEARCH_USER_PATHS = NO;
				CLANG_CXX_LANGUAGE_STANDARD = "gnu++0x";
				CLANG_CXX_LIBRARY = "libc++";
				CLANG_ENABLE_OBJC_ARC = YES;
				CLANG_WARN_CONSTANT_CONVERSION = YES;
				CLANG_WARN_EMPTY_BODY = YES;
				CLANG_WARN_ENUM_CONVERSION = YES;
				CLANG_WARN_INT_CONVERSION = YES;
				CLANG_WARN__DUPLICATE_METHOD_MATCH = YES;
				"CODE_SIGN_IDENTITY[sdk=iphoneos*]" = "iPhone Developer";
				COPY_PHASE_STRIP = NO;
				GCC_C_LANGUAGE_STANDARD = gnu99;
				GCC_DYNAMIC_NO_PIC = NO;
				GCC_OPTIMIZATION_LEVEL = 0;
				GCC_PREPROCESSOR_DEFINITIONS = (
					"DEBUG=1",
					"$(inherited)",
				);
				GCC_SYMBOLS_PRIVATE_EXTERN = NO;
				GCC_WARN_ABOUT_RETURN_TYPE = YES;
				GCC_WARN_UNINITIALIZED_AUTOS = YES;
				GCC_WARN_UNUSED_VARIABLE = YES;
				IPHONEOS_DEPLOYMENT_TARGET = 6.1;
				ONLY_ACTIVE_ARCH = YES;
				SDKROOT = iphoneos;
				TARGETED_DEVICE_FAMILY = "1,2";
			};
			name = Debug;
		};
		0632F0F1175082DE00CE8A0F /* Release */ = {
			isa = XCBuildConfiguration;
			buildSettings = {
				ALWAYS_SEARCH_USER_PATHS = NO;
				CLANG_CXX_LANGUAGE_STANDARD = "gnu++0x";
				CLANG_CXX_LIBRARY = "libc++";
				CLANG_ENABLE_OBJC_ARC = YES;
				CLANG_WARN_CONSTANT_CONVERSION = YES;
				CLANG_WARN_EMPTY_BODY = YES;
				CLANG_WARN_ENUM_CONVERSION = YES;
				CLANG_WARN_INT_CONVERSION = YES;
				CLANG_WARN__DUPLICATE_METHOD_MATCH = YES;
				"CODE_SIGN_IDENTITY[sdk=iphoneos*]" = "iPhone Developer";
				COPY_PHASE_STRIP = YES;
				GCC_C_LANGUAGE_STANDARD = gnu99;
				GCC_WARN_ABOUT_RETURN_TYPE = YES;
				GCC_WARN_UNINITIALIZED_AUTOS = YES;
				GCC_WARN_UNUSED_VARIABLE = YES;
				IPHONEOS_DEPLOYMENT_TARGET = 6.1;
				OTHER_CFLAGS = "-DNS_BLOCK_ASSERTIONS=1";
				SDKROOT = iphoneos;
				TARGETED_DEVICE_FAMILY = "1,2";
				VALIDATE_PRODUCT = YES;
			};
			name = Release;
		};
		0632F0F3175082DE00CE8A0F /* Debug */ = {
			isa = XCBuildConfiguration;
			buildSettings = {
				GCC_PRECOMPILE_PREFIX_HEADER = YES;
				GCC_PREFIX_HEADER = "SSGentleAlertViewSample/SSGentleAlertView-Prefix.pch";
				INFOPLIST_FILE = "SSGentleAlertViewSample/SSGentleAlertView-Info.plist";
				PRODUCT_NAME = "$(TARGET_NAME)";
				WRAPPER_EXTENSION = app;
			};
			name = Debug;
		};
		0632F0F4175082DE00CE8A0F /* Release */ = {
			isa = XCBuildConfiguration;
			buildSettings = {
				GCC_PRECOMPILE_PREFIX_HEADER = YES;
				GCC_PREFIX_HEADER = "SSGentleAlertViewSample/SSGentleAlertView-Prefix.pch";
				INFOPLIST_FILE = "SSGentleAlertViewSample/SSGentleAlertView-Info.plist";
				PRODUCT_NAME = "$(TARGET_NAME)";
				WRAPPER_EXTENSION = app;
			};
			name = Release;
		};
/* End XCBuildConfiguration section */

/* Begin XCConfigurationList section */
		0632F0B5175082DD00CE8A0F /* Build configuration list for PBXProject "SSGentleAlertView" */ = {
			isa = XCConfigurationList;
			buildConfigurations = (
				0632F0F0175082DE00CE8A0F /* Debug */,
				0632F0F1175082DE00CE8A0F /* Release */,
			);
			defaultConfigurationIsVisible = 0;
			defaultConfigurationName = Release;
		};
		0632F0F2175082DE00CE8A0F /* Build configuration list for PBXNativeTarget "SSGentleAlertViewSample" */ = {
			isa = XCConfigurationList;
			buildConfigurations = (
				0632F0F3175082DE00CE8A0F /* Debug */,
				0632F0F4175082DE00CE8A0F /* Release */,
			);
			defaultConfigurationIsVisible = 0;
			defaultConfigurationName = Release;
		};
/* End XCConfigurationList section */
	};
	rootObject = 0632F0B2175082DD00CE8A0F /* Project object */;
}
